
Microsoft Visual Studio Solution File, Format Version 12.00
# Visual Studio Version 16
VisualStudioVersion = 16.0.29519.87
MinimumVisualStudioVersion = 10.0.40219.1
Project("{FAE04EC0-301F-11D3-BF4B-00C04F79EFBC}") = "Commercial Automation System", "Commercial Automation System.csproj", "{C75C2D33-91A1-4E71-B03A-9741E42FAAD9}"
EndProject
Global
	GlobalSection(SolutionConfigurationPlatforms) = preSolution
		Debug|Any CPU = Debug|Any CPU
		Release|Any CPU = Release|Any CPU
	EndGlobalSection
	GlobalSection(ProjectConfigurationPlatforms) = postSolution
		{C75C2D33-91A1-4E71-B03A-9741E42FAAD9}.Debug|Any CPU.ActiveCfg = Debug|Any CPU
		{C75C2D33-91A1-4E71-B03A-9741E42FAAD9}.Debug|Any CPU.Build.0 = Debug|Any CPU
		{C75C2D33-91A1-4E71-B03A-9741E42FAAD9}.Release|Any CPU.ActiveCfg = Release|Any CPU
		{C75C2D33-91A1-4E71-B03A-9741E42FAAD9}.Release|Any CPU.Build.0 = Release|Any CPU
	EndGlobalSection
	GlobalSection(SolutionProperties) = preSolution
		HideSolutionNode = FALSE
	EndGlobalSection
	GlobalSection(ExtensibilityGlobals) = postSolution
		SolutionGuid = {D757F66E-0998-45FB-A559-A4732BE696E2}
	EndGlobalSection
EndGlobal
